// !$*UTF8*$!
{
	archiveVersion = 1;
	classes = {
	};
	objectVersion = 50;
	objects = {

/* Begin PBXBuildFile section */
		350EA03928B718FF00BB48A0 /* getReminders.scpt in Resources */ = {isa = PBXBuildFile; fileRef = 350EA03828B718FF00BB48A0 /* getReminders.scpt */; };
		351DEBF528710DE900F312E9 /* AppDelegate.swift in Sources */ = {isa = PBXBuildFile; fileRef = 351DEBF428710DE900F312E9 /* AppDelegate.swift */; };
		351DEBF928710DEA00F312E9 /* Assets.xcassets in Resources */ = {isa = PBXBuildFile; fileRef = 351DEBF828710DEA00F312E9 /* Assets.xcassets */; };
		351DEBFC28710DEA00F312E9 /* Main.storyboard in Resources */ = {isa = PBXBuildFile; fileRef = 351DEBFA28710DEA00F312E9 /* Main.storyboard */; };
		351DEC092871115B00F312E9 /* TouchBarController.swift in Sources */ = {isa = PBXBuildFile; fileRef = 351DEC082871115B00F312E9 /* TouchBarController.swift */; };
		351DEC0B287111CF00F312E9 /* TouchBarIdentifiers.swift in Sources */ = {isa = PBXBuildFile; fileRef = 351DEC0A287111CF00F312E9 /* TouchBarIdentifiers.swift */; };
		351DEC0E287115B100F312E9 /* TimeWidget.swift in Sources */ = {isa = PBXBuildFile; fileRef = 351DEC0D287115B100F312E9 /* TimeWidget.swift */; };
		351DEC112871426000F312E9 /* BatteryWidget.swift in Sources */ = {isa = PBXBuildFile; fileRef = 351DEC102871426000F312E9 /* BatteryWidget.swift */; };
		351DEC142871441A00F312E9 /* BatteryListener.swift in Sources */ = {isa = PBXBuildFile; fileRef = 351DEC132871441A00F312E9 /* BatteryListener.swift */; };
		351DEC16287161BF00F312E9 /* Speedometer.swift in Sources */ = {isa = PBXBuildFile; fileRef = 351DEC15287161BF00F312E9 /* Speedometer.swift */; };
		351DEC182871623E00F312E9 /* KeyboardMonitor.swift in Sources */ = {isa = PBXBuildFile; fileRef = 351DEC172871623E00F312E9 /* KeyboardMonitor.swift */; };
		351DEC1E2871878400F312E9 /* DFRFoundation.framework in Frameworks */ = {isa = PBXBuildFile; fileRef = 351DEC1D2871878400F312E9 /* DFRFoundation.framework */; };
		352219D128B735890099F751 /* AppleScriptUtil.swift in Sources */ = {isa = PBXBuildFile; fileRef = 352219D028B735890099F751 /* AppleScriptUtil.swift */; };
		352219D328B73AC40099F751 /* completeReminder.scpt in Resources */ = {isa = PBXBuildFile; fileRef = 352219D228B73AC40099F751 /* completeReminder.scpt */; };
		3555B8D028728FDC00A2BAA2 /* EscButton.swift in Sources */ = {isa = PBXBuildFile; fileRef = 3555B8CF28728FDC00A2BAA2 /* EscButton.swift */; };
		355F6A2028AA294D005CEB77 /* HeadphonesController.swift in Sources */ = {isa = PBXBuildFile; fileRef = 355F6A1F28AA294D005CEB77 /* HeadphonesController.swift */; };
		355F6A2228AA2CC8005CEB77 /* HeadphonesWidget.swift in Sources */ = {isa = PBXBuildFile; fileRef = 355F6A2128AA2CC8005CEB77 /* HeadphonesWidget.swift */; };
		3566B5772885324A000463E3 /* VolumeButton.swift in Sources */ = {isa = PBXBuildFile; fileRef = 3566B5762885324A000463E3 /* VolumeButton.swift */; };
		3566B57A288538AB000463E3 /* VolumeSlider.swift in Sources */ = {isa = PBXBuildFile; fileRef = 3566B579288538AB000463E3 /* VolumeSlider.swift */; };
		3583054228B1831F00E50EE0 /* RemindersWidget.swift in Sources */ = {isa = PBXBuildFile; fileRef = 3583054128B1831F00E50EE0 /* RemindersWidget.swift */; };
		3590CBB7288E5FEC00E9A56A /* CloseButton.swift in Sources */ = {isa = PBXBuildFile; fileRef = 3590CBB6288E5FEC00E9A56A /* CloseButton.swift */; };
		3590CBBB288E756F00E9A56A /* VolumeController.swift in Sources */ = {isa = PBXBuildFile; fileRef = 3590CBBA288E756F00E9A56A /* VolumeController.swift */; };
		35A7A3D5287230B900F30886 /* TouchBarPrivateApi-Bridging.h in Headers */ = {isa = PBXBuildFile; fileRef = 351DEC1A28717F7B00F312E9 /* TouchBarPrivateApi-Bridging.h */; };
		35A7A3D6287230BC00F30886 /* TouchBarPrivateApi.h in Headers */ = {isa = PBXBuildFile; fileRef = 351DEC1B28717FA500F312E9 /* TouchBarPrivateApi.h */; };
		35D07AE428A7A0280040A6DC /* WeatherWidget.swift in Sources */ = {isa = PBXBuildFile; fileRef = 35D07AE328A7A0280040A6DC /* WeatherWidget.swift */; };
		35D07AE628A7A05B0040A6DC /* ConfigManager.swift in Sources */ = {isa = PBXBuildFile; fileRef = 35D07AE528A7A05B0040A6DC /* ConfigManager.swift */; };
		35D07AE828A7A34C0040A6DC /* defaultConfig.json in Resources */ = {isa = PBXBuildFile; fileRef = 35D07AE728A7A34C0040A6DC /* defaultConfig.json */; };
		35D07AEA28A892DD0040A6DC /* CoffeeButton.swift in Sources */ = {isa = PBXBuildFile; fileRef = 35D07AE928A892DD0040A6DC /* CoffeeButton.swift */; };
		35D5142228A4D74E00B04E78 /* BrightnessButton.swift in Sources */ = {isa = PBXBuildFile; fileRef = 35D5142128A4D74E00B04E78 /* BrightnessButton.swift */; };
		35D5142428A4DAB600B04E78 /* BrightnessSlider.swift in Sources */ = {isa = PBXBuildFile; fileRef = 35D5142328A4DAB600B04E78 /* BrightnessSlider.swift */; };
		35D5142628A4DBC100B04E78 /* SystemSlider.swift in Sources */ = {isa = PBXBuildFile; fileRef = 35D5142528A4DBC100B04E78 /* SystemSlider.swift */; };
		35D5142828A4E7E300B04E78 /* BrightnessController.swift in Sources */ = {isa = PBXBuildFile; fileRef = 35D5142728A4E7E300B04E78 /* BrightnessController.swift */; };
/* End PBXBuildFile section */

/* Begin PBXFileReference section */
		350EA03828B718FF00BB48A0 /* getReminders.scpt */ = {isa = PBXFileReference; lastKnownFileType = text; path = getReminders.scpt; sourceTree = "<group>"; };
		351DEBF128710DE900F312E9 /* CookieBar.app */ = {isa = PBXFileReference; explicitFileType = wrapper.application; includeInIndex = 0; path = CookieBar.app; sourceTree = BUILT_PRODUCTS_DIR; };
		351DEBF428710DE900F312E9 /* AppDelegate.swift */ = {isa = PBXFileReference; lastKnownFileType = sourcecode.swift; path = AppDelegate.swift; sourceTree = "<group>"; };
		351DEBF828710DEA00F312E9 /* Assets.xcassets */ = {isa = PBXFileReference; lastKnownFileType = folder.assetcatalog; path = Assets.xcassets; sourceTree = "<group>"; };
		351DEBFB28710DEA00F312E9 /* Base */ = {isa = PBXFileReference; lastKnownFileType = file.storyboard; name = Base; path = Base.lproj/Main.storyboard; sourceTree = "<group>"; };
		351DEBFD28710DEA00F312E9 /* Info.plist */ = {isa = PBXFileReference; lastKnownFileType = text.plist.xml; path = Info.plist; sourceTree = "<group>"; };
		351DEBFE28710DEA00F312E9 /* CookieBar.entitlements */ = {isa = PBXFileReference; lastKnownFileType = text.plist.entitlements; path = CookieBar.entitlements; sourceTree = "<group>"; };
		351DEC082871115B00F312E9 /* TouchBarController.swift */ = {isa = PBXFileReference; lastKnownFileType = sourcecode.swift; path = TouchBarController.swift; sourceTree = "<group>"; };
		351DEC0A287111CF00F312E9 /* TouchBarIdentifiers.swift */ = {isa = PBXFileReference; lastKnownFileType = sourcecode.swift; path = TouchBarIdentifiers.swift; sourceTree = "<group>"; };
		351DEC0D287115B100F312E9 /* TimeWidget.swift */ = {isa = PBXFileReference; lastKnownFileType = sourcecode.swift; path = TimeWidget.swift; sourceTree = "<group>"; };
		351DEC102871426000F312E9 /* BatteryWidget.swift */ = {isa = PBXFileReference; lastKnownFileType = sourcecode.swift; path = BatteryWidget.swift; sourceTree = "<group>"; };
		351DEC132871441A00F312E9 /* BatteryListener.swift */ = {isa = PBXFileReference; lastKnownFileType = sourcecode.swift; path = BatteryListener.swift; sourceTree = "<group>"; };
		351DEC15287161BF00F312E9 /* Speedometer.swift */ = {isa = PBXFileReference; lastKnownFileType = sourcecode.swift; path = Speedometer.swift; sourceTree = "<group>"; };
		351DEC172871623E00F312E9 /* KeyboardMonitor.swift */ = {isa = PBXFileReference; lastKnownFileType = sourcecode.swift; path = KeyboardMonitor.swift; sourceTree = "<group>"; };
		351DEC1A28717F7B00F312E9 /* TouchBarPrivateApi-Bridging.h */ = {isa = PBXFileReference; lastKnownFileType = sourcecode.c.h; path = "TouchBarPrivateApi-Bridging.h"; sourceTree = "<group>"; };
		351DEC1B28717FA500F312E9 /* TouchBarPrivateApi.h */ = {isa = PBXFileReference; lastKnownFileType = sourcecode.c.h; path = TouchBarPrivateApi.h; sourceTree = "<group>"; };
		351DEC1D2871878400F312E9 /* DFRFoundation.framework */ = {isa = PBXFileReference; lastKnownFileType = wrapper.framework; name = DFRFoundation.framework; path = ../../../../System/Library/PrivateFrameworks/DFRFoundation.framework; sourceTree = "<group>"; };
		352219D028B735890099F751 /* AppleScriptUtil.swift */ = {isa = PBXFileReference; lastKnownFileType = sourcecode.swift; path = AppleScriptUtil.swift; sourceTree = "<group>"; };
		352219D228B73AC40099F751 /* completeReminder.scpt */ = {isa = PBXFileReference; lastKnownFileType = text; path = completeReminder.scpt; sourceTree = "<group>"; };
		3555B8CF28728FDC00A2BAA2 /* EscButton.swift */ = {isa = PBXFileReference; lastKnownFileType = sourcecode.swift; path = EscButton.swift; sourceTree = "<group>"; };
		355F6A1F28AA294D005CEB77 /* HeadphonesController.swift */ = {isa = PBXFileReference; lastKnownFileType = sourcecode.swift; path = HeadphonesController.swift; sourceTree = "<group>"; };
		355F6A2128AA2CC8005CEB77 /* HeadphonesWidget.swift */ = {isa = PBXFileReference; lastKnownFileType = sourcecode.swift; path = HeadphonesWidget.swift; sourceTree = "<group>"; };
		3566B5762885324A000463E3 /* VolumeButton.swift */ = {isa = PBXFileReference; lastKnownFileType = sourcecode.swift; path = VolumeButton.swift; sourceTree = "<group>"; };
		3566B579288538AB000463E3 /* VolumeSlider.swift */ = {isa = PBXFileReference; lastKnownFileType = sourcecode.swift; path = VolumeSlider.swift; sourceTree = "<group>"; };
		3583054128B1831F00E50EE0 /* RemindersWidget.swift */ = {isa = PBXFileReference; lastKnownFileType = sourcecode.swift; path = RemindersWidget.swift; sourceTree = "<group>"; };
		3590CBB6288E5FEC00E9A56A /* CloseButton.swift */ = {isa = PBXFileReference; lastKnownFileType = sourcecode.swift; path = CloseButton.swift; sourceTree = "<group>"; };
		3590CBBA288E756F00E9A56A /* VolumeController.swift */ = {isa = PBXFileReference; lastKnownFileType = sourcecode.swift; path = VolumeController.swift; sourceTree = "<group>"; };
		35D07AE328A7A0280040A6DC /* WeatherWidget.swift */ = {isa = PBXFileReference; lastKnownFileType = sourcecode.swift; path = WeatherWidget.swift; sourceTree = "<group>"; };
		35D07AE528A7A05B0040A6DC /* ConfigManager.swift */ = {isa = PBXFileReference; lastKnownFileType = sourcecode.swift; path = ConfigManager.swift; sourceTree = "<group>"; };
		35D07AE728A7A34C0040A6DC /* defaultConfig.json */ = {isa = PBXFileReference; lastKnownFileType = text.json; path = defaultConfig.json; sourceTree = "<group>"; };
		35D07AE928A892DD0040A6DC /* CoffeeButton.swift */ = {isa = PBXFileReference; lastKnownFileType = sourcecode.swift; path = CoffeeButton.swift; sourceTree = "<group>"; };
		35D5142128A4D74E00B04E78 /* BrightnessButton.swift */ = {isa = PBXFileReference; lastKnownFileType = sourcecode.swift; path = BrightnessButton.swift; sourceTree = "<group>"; };
		35D5142328A4DAB600B04E78 /* BrightnessSlider.swift */ = {isa = PBXFileReference; lastKnownFileType = sourcecode.swift; path = BrightnessSlider.swift; sourceTree = "<group>"; };
		35D5142528A4DBC100B04E78 /* SystemSlider.swift */ = {isa = PBXFileReference; lastKnownFileType = sourcecode.swift; path = SystemSlider.swift; sourceTree = "<group>"; };
		35D5142728A4E7E300B04E78 /* BrightnessController.swift */ = {isa = PBXFileReference; lastKnownFileType = sourcecode.swift; path = BrightnessController.swift; sourceTree = "<group>"; };
/* End PBXFileReference section */

/* Begin PBXFrameworksBuildPhase section */
		351DEBEE28710DE900F312E9 /* Frameworks */ = {
			isa = PBXFrameworksBuildPhase;
			buildActionMask = 2147483647;
			files = (
				351DEC1E2871878400F312E9 /* DFRFoundation.framework in Frameworks */,
			);
			runOnlyForDeploymentPostprocessing = 0;
		};
/* End PBXFrameworksBuildPhase section */

/* Begin PBXGroup section */
		350EA03728B718E400BB48A0 /* Scripts */ = {
			isa = PBXGroup;
			children = (
				350EA03828B718FF00BB48A0 /* getReminders.scpt */,
				352219D228B73AC40099F751 /* completeReminder.scpt */,
			);
			path = Scripts;
			sourceTree = "<group>";
		};
		351DEBE828710DE900F312E9 = {
			isa = PBXGroup;
			children = (
				351DEBF328710DE900F312E9 /* CookieBar */,
				351DEBF228710DE900F312E9 /* Products */,
				351DEC1C2871878400F312E9 /* Frameworks */,
			);
			sourceTree = "<group>";
		};
		351DEBF228710DE900F312E9 /* Products */ = {
			isa = PBXGroup;
			children = (
				351DEBF128710DE900F312E9 /* CookieBar.app */,
			);
			name = Products;
			sourceTree = "<group>";
		};
		351DEBF328710DE900F312E9 /* CookieBar */ = {
			isa = PBXGroup;
			children = (
				350EA03728B718E400BB48A0 /* Scripts */,
				3555B8CE2872890900A2BAA2 /* CBridge */,
				351DEC0C2871158B00F312E9 /* Widgets */,
				351DEBF428710DE900F312E9 /* AppDelegate.swift */,
				351DEBF828710DEA00F312E9 /* Assets.xcassets */,
				351DEBFA28710DEA00F312E9 /* Main.storyboard */,
				351DEBFD28710DEA00F312E9 /* Info.plist */,
				351DEBFE28710DEA00F312E9 /* CookieBar.entitlements */,
				351DEC082871115B00F312E9 /* TouchBarController.swift */,
				351DEC0A287111CF00F312E9 /* TouchBarIdentifiers.swift */,
				35D07AE528A7A05B0040A6DC /* ConfigManager.swift */,
				35D07AE728A7A34C0040A6DC /* defaultConfig.json */,
			);
			path = CookieBar;
			sourceTree = "<group>";
		};
		351DEC0C2871158B00F312E9 /* Widgets */ = {
			isa = PBXGroup;
			children = (
				3566B57828853885000463E3 /* AuxBars */,
				351DEC122871440200F312E9 /* Helpers */,
				351DEC0D287115B100F312E9 /* TimeWidget.swift */,
				351DEC102871426000F312E9 /* BatteryWidget.swift */,
				351DEC15287161BF00F312E9 /* Speedometer.swift */,
				3555B8CF28728FDC00A2BAA2 /* EscButton.swift */,
				3566B5762885324A000463E3 /* VolumeButton.swift */,
				35D5142128A4D74E00B04E78 /* BrightnessButton.swift */,
				35D07AE328A7A0280040A6DC /* WeatherWidget.swift */,
				35D07AE928A892DD0040A6DC /* CoffeeButton.swift */,
				355F6A2128AA2CC8005CEB77 /* HeadphonesWidget.swift */,
				3583054128B1831F00E50EE0 /* RemindersWidget.swift */,
			);
			path = Widgets;
			sourceTree = "<group>";
		};
		351DEC122871440200F312E9 /* Helpers */ = {
			isa = PBXGroup;
			children = (
				351DEC132871441A00F312E9 /* BatteryListener.swift */,
				351DEC172871623E00F312E9 /* KeyboardMonitor.swift */,
				3590CBBA288E756F00E9A56A /* VolumeController.swift */,
				35D5142728A4E7E300B04E78 /* BrightnessController.swift */,
				355F6A1F28AA294D005CEB77 /* HeadphonesController.swift */,
				352219D028B735890099F751 /* AppleScriptUtil.swift */,
			);
			path = Helpers;
			sourceTree = "<group>";
		};
		351DEC1C2871878400F312E9 /* Frameworks */ = {
			isa = PBXGroup;
			children = (
				351DEC1D2871878400F312E9 /* DFRFoundation.framework */,
			);
			name = Frameworks;
			sourceTree = "<group>";
		};
		3555B8CE2872890900A2BAA2 /* CBridge */ = {
			isa = PBXGroup;
			children = (
				351DEC1A28717F7B00F312E9 /* TouchBarPrivateApi-Bridging.h */,
				351DEC1B28717FA500F312E9 /* TouchBarPrivateApi.h */,
			);
			path = CBridge;
			sourceTree = "<group>";
		};
		3566B57828853885000463E3 /* AuxBars */ = {
			isa = PBXGroup;
			children = (
				3566B579288538AB000463E3 /* VolumeSlider.swift */,
				3590CBB6288E5FEC00E9A56A /* CloseButton.swift */,
				35D5142328A4DAB600B04E78 /* BrightnessSlider.swift */,
				35D5142528A4DBC100B04E78 /* SystemSlider.swift */,
			);
			path = AuxBars;
			sourceTree = "<group>";
		};
/* End PBXGroup section */

/* Begin PBXHeadersBuildPhase section */
		35A7A3D4287230B400F30886 /* Headers */ = {
			isa = PBXHeadersBuildPhase;
			buildActionMask = 2147483647;
			files = (
				35A7A3D5287230B900F30886 /* TouchBarPrivateApi-Bridging.h in Headers */,
				35A7A3D6287230BC00F30886 /* TouchBarPrivateApi.h in Headers */,
			);
			runOnlyForDeploymentPostprocessing = 0;
		};
/* End PBXHeadersBuildPhase section */

/* Begin PBXNativeTarget section */
		351DEBF028710DE900F312E9 /* CookieBar */ = {
			isa = PBXNativeTarget;
			buildConfigurationList = 351DEC0128710DEA00F312E9 /* Build configuration list for PBXNativeTarget "CookieBar" */;
			buildPhases = (
				35A7A3D4287230B400F30886 /* Headers */,
				351DEBED28710DE900F312E9 /* Sources */,
				351DEBEE28710DE900F312E9 /* Frameworks */,
				351DEBEF28710DE900F312E9 /* Resources */,
			);
			buildRules = (
			);
			dependencies = (
			);
			name = CookieBar;
			productName = CookieBar;
			productReference = 351DEBF128710DE900F312E9 /* CookieBar.app */;
			productType = "com.apple.product-type.application";
		};
/* End PBXNativeTarget section */

/* Begin PBXProject section */
		351DEBE928710DE900F312E9 /* Project object */ = {
			isa = PBXProject;
			attributes = {
				LastSwiftUpdateCheck = 1030;
				LastUpgradeCheck = 1030;
				ORGANIZATIONNAME = "Semyon Savkin";
				TargetAttributes = {
					351DEBF028710DE900F312E9 = {
						CreatedOnToolsVersion = 10.3;
					};
				};
			};
			buildConfigurationList = 351DEBEC28710DE900F312E9 /* Build configuration list for PBXProject "CookieBar" */;
			compatibilityVersion = "Xcode 9.3";
			developmentRegion = en;
			hasScannedForEncodings = 0;
			knownRegions = (
				en,
				Base,
			);
			mainGroup = 351DEBE828710DE900F312E9;
			productRefGroup = 351DEBF228710DE900F312E9 /* Products */;
			projectDirPath = "";
			projectRoot = "";
			targets = (
				351DEBF028710DE900F312E9 /* CookieBar */,
			);
		};
/* End PBXProject section */

/* Begin PBXResourcesBuildPhase section */
		351DEBEF28710DE900F312E9 /* Resources */ = {
			isa = PBXResourcesBuildPhase;
			buildActionMask = 2147483647;
			files = (
				352219D328B73AC40099F751 /* completeReminder.scpt in Resources */,
				350EA03928B718FF00BB48A0 /* getReminders.scpt in Resources */,
				351DEBF928710DEA00F312E9 /* Assets.xcassets in Resources */,
				351DEBFC28710DEA00F312E9 /* Main.storyboard in Resources */,
				35D07AE828A7A34C0040A6DC /* defaultConfig.json in Resources */,
			);
			runOnlyForDeploymentPostprocessing = 0;
		};
/* End PBXResourcesBuildPhase section */

/* Begin PBXSourcesBuildPhase section */
		351DEBED28710DE900F312E9 /* Sources */ = {
			isa = PBXSourcesBuildPhase;
			buildActionMask = 2147483647;
			files = (
				35D5142828A4E7E300B04E78 /* BrightnessController.swift in Sources */,
				35D07AEA28A892DD0040A6DC /* CoffeeButton.swift in Sources */,
				35D07AE628A7A05B0040A6DC /* ConfigManager.swift in Sources */,
				351DEC0E287115B100F312E9 /* TimeWidget.swift in Sources */,
				351DEC182871623E00F312E9 /* KeyboardMonitor.swift in Sources */,
				352219D128B735890099F751 /* AppleScriptUtil.swift in Sources */,
				35D5142428A4DAB600B04E78 /* BrightnessSlider.swift in Sources */,
				355F6A2228AA2CC8005CEB77 /* HeadphonesWidget.swift in Sources */,
				3555B8D028728FDC00A2BAA2 /* EscButton.swift in Sources */,
				351DEC142871441A00F312E9 /* BatteryListener.swift in Sources */,
				35D5142628A4DBC100B04E78 /* SystemSlider.swift in Sources */,
				3566B57A288538AB000463E3 /* VolumeSlider.swift in Sources */,
				351DEC112871426000F312E9 /* BatteryWidget.swift in Sources */,
				355F6A2028AA294D005CEB77 /* HeadphonesController.swift in Sources */,
				3590CBB7288E5FEC00E9A56A /* CloseButton.swift in Sources */,
				351DEC16287161BF00F312E9 /* Speedometer.swift in Sources */,
				351DEC0B287111CF00F312E9 /* TouchBarIdentifiers.swift in Sources */,
				351DEBF528710DE900F312E9 /* AppDelegate.swift in Sources */,
				3583054228B1831F00E50EE0 /* RemindersWidget.swift in Sources */,
				3590CBBB288E756F00E9A56A /* VolumeController.swift in Sources */,
				35D07AE428A7A0280040A6DC /* WeatherWidget.swift in Sources */,
				351DEC092871115B00F312E9 /* TouchBarController.swift in Sources */,
				35D5142228A4D74E00B04E78 /* BrightnessButton.swift in Sources */,
				3566B5772885324A000463E3 /* VolumeButton.swift in Sources */,
			);
			runOnlyForDeploymentPostprocessing = 0;
		};
/* End PBXSourcesBuildPhase section */

/* Begin PBXVariantGroup section */
		351DEBFA28710DEA00F312E9 /* Main.storyboard */ = {
			isa = PBXVariantGroup;
			children = (
				351DEBFB28710DEA00F312E9 /* Base */,
			);
			name = Main.storyboard;
			sourceTree = "<group>";
		};
/* End PBXVariantGroup section */

/* Begin XCBuildConfiguration section */
		351DEBFF28710DEA00F312E9 /* Debug */ = {
			isa = XCBuildConfiguration;
			buildSettings = {
				ALWAYS_SEARCH_USER_PATHS = NO;
				CLANG_ANALYZER_NONNULL = YES;
				CLANG_ANALYZER_NUMBER_OBJECT_CONVERSION = YES_AGGRESSIVE;
				CLANG_CXX_LANGUAGE_STANDARD = "gnu++14";
				CLANG_CXX_LIBRARY = "libc++";
				CLANG_ENABLE_MODULES = YES;
				CLANG_ENABLE_OBJC_ARC = YES;
				CLANG_ENABLE_OBJC_WEAK = YES;
				CLANG_WARN_BLOCK_CAPTURE_AUTORELEASING = YES;
				CLANG_WARN_BOOL_CONVERSION = YES;
				CLANG_WARN_COMMA = YES;
				CLANG_WARN_CONSTANT_CONVERSION = YES;
				CLANG_WARN_DEPRECATED_OBJC_IMPLEMENTATIONS = YES;
				CLANG_WARN_DIRECT_OBJC_ISA_USAGE = YES_ERROR;
				CLANG_WARN_DOCUMENTATION_COMMENTS = YES;
				CLANG_WARN_EMPTY_BODY = YES;
				CLANG_WARN_ENUM_CONVERSION = YES;
				CLANG_WARN_INFINITE_RECURSION = YES;
				CLANG_WARN_INT_CONVERSION = YES;
				CLANG_WARN_NON_LITERAL_NULL_CONVERSION = YES;
				CLANG_WARN_OBJC_IMPLICIT_RETAIN_SELF = YES;
				CLANG_WARN_OBJC_LITERAL_CONVERSION = YES;
				CLANG_WARN_OBJC_ROOT_CLASS = YES_ERROR;
				CLANG_WARN_RANGE_LOOP_ANALYSIS = YES;
				CLANG_WARN_STRICT_PROTOTYPES = YES;
				CLANG_WARN_SUSPICIOUS_MOVE = YES;
				CLANG_WARN_UNGUARDED_AVAILABILITY = YES_AGGRESSIVE;
				CLANG_WARN_UNREACHABLE_CODE = YES;
				CLANG_WARN__DUPLICATE_METHOD_MATCH = YES;
				CODE_SIGN_IDENTITY = "-";
				COPY_PHASE_STRIP = NO;
				DEBUG_INFORMATION_FORMAT = dwarf;
				ENABLE_STRICT_OBJC_MSGSEND = YES;
				ENABLE_TESTABILITY = YES;
				GCC_C_LANGUAGE_STANDARD = gnu11;
				GCC_DYNAMIC_NO_PIC = NO;
				GCC_NO_COMMON_BLOCKS = YES;
				GCC_OPTIMIZATION_LEVEL = 0;
				GCC_PREPROCESSOR_DEFINITIONS = (
					"DEBUG=1",
					"$(inherited)",
				);
				GCC_WARN_64_TO_32_BIT_CONVERSION = YES;
				GCC_WARN_ABOUT_RETURN_TYPE = YES_ERROR;
				GCC_WARN_UNDECLARED_SELECTOR = YES;
				GCC_WARN_UNINITIALIZED_AUTOS = YES_AGGRESSIVE;
				GCC_WARN_UNUSED_FUNCTION = YES;
				GCC_WARN_UNUSED_VARIABLE = YES;
				MACOSX_DEPLOYMENT_TARGET = 10.14;
				MTL_ENABLE_DEBUG_INFO = INCLUDE_SOURCE;
				MTL_FAST_MATH = YES;
				ONLY_ACTIVE_ARCH = YES;
				SDKROOT = macosx;
				SWIFT_ACTIVE_COMPILATION_CONDITIONS = DEBUG;
				SWIFT_OPTIMIZATION_LEVEL = "-Onone";
			};
			name = Debug;
		};
		351DEC0028710DEA00F312E9 /* Release */ = {
			isa = XCBuildConfiguration;
			buildSettings = {
				ALWAYS_SEARCH_USER_PATHS = NO;
				CLANG_ANALYZER_NONNULL = YES;
				CLANG_ANALYZER_NUMBER_OBJECT_CONVERSION = YES_AGGRESSIVE;
				CLANG_CXX_LANGUAGE_STANDARD = "gnu++14";
				CLANG_CXX_LIBRARY = "libc++";
				CLANG_ENABLE_MODULES = YES;
				CLANG_ENABLE_OBJC_ARC = YES;
				CLANG_ENABLE_OBJC_WEAK = YES;
				CLANG_WARN_BLOCK_CAPTURE_AUTORELEASING = YES;
				CLANG_WARN_BOOL_CONVERSION = YES;
				CLANG_WARN_COMMA = YES;
				CLANG_WARN_CONSTANT_CONVERSION = YES;
				CLANG_WARN_DEPRECATED_OBJC_IMPLEMENTATIONS = YES;
				CLANG_WARN_DIRECT_OBJC_ISA_USAGE = YES_ERROR;
				CLANG_WARN_DOCUMENTATION_COMMENTS = YES;
				CLANG_WARN_EMPTY_BODY = YES;
				CLANG_WARN_ENUM_CONVERSION = YES;
				CLANG_WARN_INFINITE_RECURSION = YES;
				CLANG_WARN_INT_CONVERSION = YES;
				CLANG_WARN_NON_LITERAL_NULL_CONVERSION = YES;
				CLANG_WARN_OBJC_IMPLICIT_RETAIN_SELF = YES;
				CLANG_WARN_OBJC_LITERAL_CONVERSION = YES;
				CLANG_WARN_OBJC_ROOT_CLASS = YES_ERROR;
				CLANG_WARN_RANGE_LOOP_ANALYSIS = YES;
				CLANG_WARN_STRICT_PROTOTYPES = YES;
				CLANG_WARN_SUSPICIOUS_MOVE = YES;
				CLANG_WARN_UNGUARDED_AVAILABILITY = YES_AGGRESSIVE;
				CLANG_WARN_UNREACHABLE_CODE = YES;
				CLANG_WARN__DUPLICATE_METHOD_MATCH = YES;
				CODE_SIGN_IDENTITY = "-";
				COPY_PHASE_STRIP = NO;
				DEBUG_INFORMATION_FORMAT = "dwarf-with-dsym";
				ENABLE_NS_ASSERTIONS = NO;
				ENABLE_STRICT_OBJC_MSGSEND = YES;
				GCC_C_LANGUAGE_STANDARD = gnu11;
				GCC_NO_COMMON_BLOCKS = YES;
				GCC_WARN_64_TO_32_BIT_CONVERSION = YES;
				GCC_WARN_ABOUT_RETURN_TYPE = YES_ERROR;
				GCC_WARN_UNDECLARED_SELECTOR = YES;
				GCC_WARN_UNINITIALIZED_AUTOS = YES_AGGRESSIVE;
				GCC_WARN_UNUSED_FUNCTION = YES;
				GCC_WARN_UNUSED_VARIABLE = YES;
				MACOSX_DEPLOYMENT_TARGET = 10.14;
				MTL_ENABLE_DEBUG_INFO = NO;
				MTL_FAST_MATH = YES;
				SDKROOT = macosx;
				SWIFT_COMPILATION_MODE = wholemodule;
				SWIFT_OPTIMIZATION_LEVEL = "-O";
			};
			name = Release;
		};
		351DEC0228710DEA00F312E9 /* Debug */ = {
			isa = XCBuildConfiguration;
			buildSettings = {
				ASSETCATALOG_COMPILER_APPICON_NAME = AppIcon;
				CODE_SIGN_ENTITLEMENTS = CookieBar/CookieBar.entitlements;
				CODE_SIGN_STYLE = Automatic;
				COMBINE_HIDPI_IMAGES = YES;
				DEVELOPMENT_TEAM = 7X8KY8Z88N;
				INFOPLIST_FILE = CookieBar/Info.plist;
				LD_RUNPATH_SEARCH_PATHS = (
					"$(inherited)",
					"@executable_path/../Frameworks",
				);
				PRODUCT_BUNDLE_IDENTIFIER = cookiedoth.CookieBar;
				PRODUCT_NAME = "$(TARGET_NAME)";
				SWIFT_OBJC_BRIDGING_HEADER = "CookieBar/CBridge/TouchBarPrivateApi-Bridging.h";
				SWIFT_VERSION = 5.0;
				SYSTEM_FRAMEWORK_SEARCH_PATHS = (
					"$(inherited)",
					"$(SYSTEM_LIBRARY_DIR)/PrivateFrameworks",
				);
			};
			name = Debug;
		};
		351DEC0328710DEA00F312E9 /* Release */ = {
			isa = XCBuildConfiguration;
			buildSettings = {
				ASSETCATALOG_COMPILER_APPICON_NAME = AppIcon;
				CODE_SIGN_ENTITLEMENTS = CookieBar/CookieBar.entitlements;
				CODE_SIGN_STYLE = Automatic;
				COMBINE_HIDPI_IMAGES = YES;
				DEVELOPMENT_TEAM = 7X8KY8Z88N;
				INFOPLIST_FILE = CookieBar/Info.plist;
				LD_RUNPATH_SEARCH_PATHS = (
					"$(inherited)",
					"@executable_path/../Frameworks",
				);
				PRODUCT_BUNDLE_IDENTIFIER = cookiedoth.CookieBar;
				PRODUCT_NAME = "$(TARGET_NAME)";
				SWIFT_OBJC_BRIDGING_HEADER = "CookieBar/CBridge/TouchBarPrivateApi-Bridging.h";
				SWIFT_VERSION = 5.0;
				SYSTEM_FRAMEWORK_SEARCH_PATHS = (
					"$(inherited)",
					"$(SYSTEM_LIBRARY_DIR)/PrivateFrameworks",
				);
			};
			name = Release;
		};
/* End XCBuildConfiguration section */

/* Begin XCConfigurationList section */
		351DEBEC28710DE900F312E9 /* Build configuration list for PBXProject "CookieBar" */ = {
			isa = XCConfigurationList;
			buildConfigurations = (
				351DEBFF28710DEA00F312E9 /* Debug */,
				351DEC0028710DEA00F312E9 /* Release */,
			);
			defaultConfigurationIsVisible = 0;
			defaultConfigurationName = Release;
		};
		351DEC0128710DEA00F312E9 /* Build configuration list for PBXNativeTarget "CookieBar" */ = {
			isa = XCConfigurationList;
			buildConfigurations = (
				351DEC0228710DEA00F312E9 /* Debug */,
				351DEC0328710DEA00F312E9 /* Release */,
			);
			defaultConfigurationIsVisible = 0;
			defaultConfigurationName = Release;
		};
/* End XCConfigurationList section */
	};
	rootObject = 351DEBE928710DE900F312E9 /* Project object */;
}
