// !$*UTF8*$!
{
	archiveVersion = 1;
	classes = {
	};
	objectVersion = 50;
	objects = {

/* Begin PBXBuildFile section */
		351DEBF528710DE900F312E9 /* AppDelegate.swift in Sources */ = {isa = PBXBuildFile; fileRef = 351DEBF428710DE900F312E9 /* AppDelegate.swift */; };
		351DEBF928710DEA00F312E9 /* Assets.xcassets in Resources */ = {isa = PBXBuildFile; fileRef = 351DEBF828710DEA00F312E9 /* Assets.xcassets */; };
		351DEBFC28710DEA00F312E9 /* Main.storyboard in Resources */ = {isa = PBXBuildFile; fileRef = 351DEBFA28710DEA00F312E9 /* Main.storyboard */; };
		351DEC092871115B00F312E9 /* TouchBarController.swift in Sources */ = {isa = PBXBuildFile; fileRef = 351DEC082871115B00F312E9 /* TouchBarController.swift */; };
		351DEC0B287111CF00F312E9 /* TouchBarIdentifiers.swift in Sources */ = {isa = PBXBuildFile; fileRef = 351DEC0A287111CF00F312E9 /* TouchBarIdentifiers.swift */; };
		351DEC0E287115B100F312E9 /* TimeWidget.swift in Sources */ = {isa = PBXBuildFile; fileRef = 351DEC0D287115B100F312E9 /* TimeWidget.swift */; };
		351DEC112871426000F312E9 /* BatteryWidget.swift in Sources */ = {isa = PBXBuildFile; fileRef = 351DEC102871426000F312E9 /* BatteryWidget.swift */; };
		351DEC142871441A00F312E9 /* BatteryListener.swift in Sources */ = {isa = PBXBuildFile; fileRef = 351DEC132871441A00F312E9 /* BatteryListener.swift */; };
		351DEC16287161BF00F312E9 /* Speedometer.swift in Sources */ = {isa = PBXBuildFile; fileRef = 351DEC15287161BF00F312E9 /* Speedometer.swift */; };
		351DEC182871623E00F312E9 /* KeyboardMonitor.swift in Sources */ = {isa = PBXBuildFile; fileRef = 351DEC172871623E00F312E9 /* KeyboardMonitor.swift */; };
		351DEC1E2871878400F312E9 /* DFRFoundation.framework in Frameworks */ = {isa = PBXBuildFile; fileRef = 351DEC1D2871878400F312E9 /* DFRFoundation.framework */; };
		35A7A3D5287230B900F30886 /* TouchBarPrivateApi-Bridging.h in Headers */ = {isa = PBXBuildFile; fileRef = 351DEC1A28717F7B00F312E9 /* TouchBarPrivateApi-Bridging.h */; };
		35A7A3D6287230BC00F30886 /* TouchBarPrivateApi.h in Headers */ = {isa = PBXBuildFile; fileRef = 351DEC1B28717FA500F312E9 /* TouchBarPrivateApi.h */; };
/* End PBXBuildFile section */

/* Begin PBXFileReference section */
		351DEBF128710DE900F312E9 /* CookieBar.app */ = {isa = PBXFileReference; explicitFileType = wrapper.application; includeInIndex = 0; path = CookieBar.app; sourceTree = BUILT_PRODUCTS_DIR; };
		351DEBF428710DE900F312E9 /* AppDelegate.swift */ = {isa = PBXFileReference; lastKnownFileType = sourcecode.swift; path = AppDelegate.swift; sourceTree = "<group>"; };
		351DEBF828710DEA00F312E9 /* Assets.xcassets */ = {isa = PBXFileReference; lastKnownFileType = folder.assetcatalog; path = Assets.xcassets; sourceTree = "<group>"; };
		351DEBFB28710DEA00F312E9 /* Base */ = {isa = PBXFileReference; lastKnownFileType = file.storyboard; name = Base; path = Base.lproj/Main.storyboard; sourceTree = "<group>"; };
		351DEBFD28710DEA00F312E9 /* Info.plist */ = {isa = PBXFileReference; lastKnownFileType = text.plist.xml; path = Info.plist; sourceTree = "<group>"; };
		351DEBFE28710DEA00F312E9 /* CookieBar.entitlements */ = {isa = PBXFileReference; lastKnownFileType = text.plist.entitlements; path = CookieBar.entitlements; sourceTree = "<group>"; };
		351DEC082871115B00F312E9 /* TouchBarController.swift */ = {isa = PBXFileReference; lastKnownFileType = sourcecode.swift; path = TouchBarController.swift; sourceTree = "<group>"; };
		351DEC0A287111CF00F312E9 /* TouchBarIdentifiers.swift */ = {isa = PBXFileReference; lastKnownFileType = sourcecode.swift; path = TouchBarIdentifiers.swift; sourceTree = "<group>"; };
		351DEC0D287115B100F312E9 /* TimeWidget.swift */ = {isa = PBXFileReference; lastKnownFileType = sourcecode.swift; path = TimeWidget.swift; sourceTree = "<group>"; };
		351DEC102871426000F312E9 /* BatteryWidget.swift */ = {isa = PBXFileReference; lastKnownFileType = sourcecode.swift; path = BatteryWidget.swift; sourceTree = "<group>"; };
		351DEC132871441A00F312E9 /* BatteryListener.swift */ = {isa = PBXFileReference; lastKnownFileType = sourcecode.swift; path = BatteryListener.swift; sourceTree = "<group>"; };
		351DEC15287161BF00F312E9 /* Speedometer.swift */ = {isa = PBXFileReference; lastKnownFileType = sourcecode.swift; path = Speedometer.swift; sourceTree = "<group>"; };
		351DEC172871623E00F312E9 /* KeyboardMonitor.swift */ = {isa = PBXFileReference; lastKnownFileType = sourcecode.swift; path = KeyboardMonitor.swift; sourceTree = "<group>"; };
		351DEC1A28717F7B00F312E9 /* TouchBarPrivateApi-Bridging.h */ = {isa = PBXFileReference; lastKnownFileType = sourcecode.c.h; path = "TouchBarPrivateApi-Bridging.h"; sourceTree = "<group>"; };
		351DEC1B28717FA500F312E9 /* TouchBarPrivateApi.h */ = {isa = PBXFileReference; lastKnownFileType = sourcecode.c.h; path = TouchBarPrivateApi.h; sourceTree = "<group>"; };
		351DEC1D2871878400F312E9 /* DFRFoundation.framework */ = {isa = PBXFileReference; lastKnownFileType = wrapper.framework; name = DFRFoundation.framework; path = ../../../../System/Library/PrivateFrameworks/DFRFoundation.framework; sourceTree = "<group>"; };
/* End PBXFileReference section */

/* Begin PBXFrameworksBuildPhase section */
		351DEBEE28710DE900F312E9 /* Frameworks */ = {
			isa = PBXFrameworksBuildPhase;
			buildActionMask = 2147483647;
			files = (
				351DEC1E2871878400F312E9 /* DFRFoundation.framework in Frameworks */,
			);
			runOnlyForDeploymentPostprocessing = 0;
		};
/* End PBXFrameworksBuildPhase section */

/* Begin PBXGroup section */
		351DEBE828710DE900F312E9 = {
			isa = PBXGroup;
			children = (
				351DEBF328710DE900F312E9 /* CookieBar */,
				351DEBF228710DE900F312E9 /* Products */,
				351DEC1C2871878400F312E9 /* Frameworks */,
			);
			sourceTree = "<group>";
		};
		351DEBF228710DE900F312E9 /* Products */ = {
			isa = PBXGroup;
			children = (
				351DEBF128710DE900F312E9 /* CookieBar.app */,
			);
			name = Products;
			sourceTree = "<group>";
		};
		351DEBF328710DE900F312E9 /* CookieBar */ = {
			isa = PBXGroup;
			children = (
				3555B8CE2872890900A2BAA2 /* CBridge */,
				351DEC0C2871158B00F312E9 /* Widgets */,
				351DEBF428710DE900F312E9 /* AppDelegate.swift */,
				351DEBF828710DEA00F312E9 /* Assets.xcassets */,
				351DEBFA28710DEA00F312E9 /* Main.storyboard */,
				351DEBFD28710DEA00F312E9 /* Info.plist */,
				351DEBFE28710DEA00F312E9 /* CookieBar.entitlements */,
				351DEC082871115B00F312E9 /* TouchBarController.swift */,
				351DEC0A287111CF00F312E9 /* TouchBarIdentifiers.swift */,
			);
			path = CookieBar;
			sourceTree = "<group>";
		};
		351DEC0C2871158B00F312E9 /* Widgets */ = {
			isa = PBXGroup;
			children = (
				351DEC122871440200F312E9 /* Helpers */,
				351DEC0D287115B100F312E9 /* TimeWidget.swift */,
				351DEC102871426000F312E9 /* BatteryWidget.swift */,
				351DEC15287161BF00F312E9 /* Speedometer.swift */,
			);
			path = Widgets;
			sourceTree = "<group>";
		};
		351DEC122871440200F312E9 /* Helpers */ = {
			isa = PBXGroup;
			children = (
				351DEC132871441A00F312E9 /* BatteryListener.swift */,
				351DEC172871623E00F312E9 /* KeyboardMonitor.swift */,
			);
			path = Helpers;
			sourceTree = "<group>";
		};
		351DEC1C2871878400F312E9 /* Frameworks */ = {
			isa = PBXGroup;
			children = (
				351DEC1D2871878400F312E9 /* DFRFoundation.framework */,
			);
			name = Frameworks;
			sourceTree = "<group>";
		};
		3555B8CE2872890900A2BAA2 /* CBridge */ = {
			isa = PBXGroup;
			children = (
				351DEC1A28717F7B00F312E9 /* TouchBarPrivateApi-Bridging.h */,
				351DEC1B28717FA500F312E9 /* TouchBarPrivateApi.h */,
			);
			path = CBridge;
			sourceTree = "<group>";
		};
/* End PBXGroup section */

/* Begin PBXHeadersBuildPhase section */
		35A7A3D4287230B400F30886 /* Headers */ = {
			isa = PBXHeadersBuildPhase;
			buildActionMask = 2147483647;
			files = (
				35A7A3D5287230B900F30886 /* TouchBarPrivateApi-Bridging.h in Headers */,
				35A7A3D6287230BC00F30886 /* TouchBarPrivateApi.h in Headers */,
			);
			runOnlyForDeploymentPostprocessing = 0;
		};
/* End PBXHeadersBuildPhase section */

/* Begin PBXNativeTarget section */
		351DEBF028710DE900F312E9 /* CookieBar */ = {
			isa = PBXNativeTarget;
			buildConfigurationList = 351DEC0128710DEA00F312E9 /* Build configuration list for PBXNativeTarget "CookieBar" */;
			buildPhases = (
				35A7A3D4287230B400F30886 /* Headers */,
				351DEBED28710DE900F312E9 /* Sources */,
				351DEBEE28710DE900F312E9 /* Frameworks */,
				351DEBEF28710DE900F312E9 /* Resources */,
			);
			buildRules = (
			);
			dependencies = (
			);
			name = CookieBar;
			productName = CookieBar;
			productReference = 351DEBF128710DE900F312E9 /* CookieBar.app */;
			productType = "com.apple.product-type.application";
		};
/* End PBXNativeTarget section */

/* Begin PBXProject section */
		351DEBE928710DE900F312E9 /* Project object */ = {
			isa = PBXProject;
			attributes = {
				LastSwiftUpdateCheck = 1030;
				LastUpgradeCheck = 1030;
				ORGANIZATIONNAME = "Semyon Savkin";
				TargetAttributes = {
					351DEBF028710DE900F312E9 = {
						CreatedOnToolsVersion = 10.3;
					};
				};
			};
			buildConfigurationList = 351DEBEC28710DE900F312E9 /* Build configuration list for PBXProject "CookieBar" */;
			compatibilityVersion = "Xcode 9.3";
			developmentRegion = en;
			hasScannedForEncodings = 0;
			knownRegions = (
				en,
				Base,
			);
			mainGroup = 351DEBE828710DE900F312E9;
			productRefGroup = 351DEBF228710DE900F312E9 /* Products */;
			projectDirPath = "";
			projectRoot = "";
			targets = (
				351DEBF028710DE900F312E9 /* CookieBar */,
			);
		};
/* End PBXProject section */

/* Begin PBXResourcesBuildPhase section */
		351DEBEF28710DE900F312E9 /* Resources */ = {
			isa = PBXResourcesBuildPhase;
			buildActionMask = 2147483647;
			files = (
				351DEBF928710DEA00F312E9 /* Assets.xcassets in Resources */,
				351DEBFC28710DEA00F312E9 /* Main.storyboard in Resources */,
			);
			runOnlyForDeploymentPostprocessing = 0;
		};
/* End PBXResourcesBuildPhase section */

/* Begin PBXSourcesBuildPhase section */
		351DEBED28710DE900F312E9 /* Sources */ = {
			isa = PBXSourcesBuildPhase;
			buildActionMask = 2147483647;
			files = (
				351DEC0E287115B100F312E9 /* TimeWidget.swift in Sources */,
				351DEC182871623E00F312E9 /* KeyboardMonitor.swift in Sources */,
				351DEC142871441A00F312E9 /* BatteryListener.swift in Sources */,
				351DEC112871426000F312E9 /* BatteryWidget.swift in Sources */,
				351DEC16287161BF00F312E9 /* Speedometer.swift in Sources */,
				351DEC0B287111CF00F312E9 /* TouchBarIdentifiers.swift in Sources */,
				351DEBF528710DE900F312E9 /* AppDelegate.swift in Sources */,
				351DEC092871115B00F312E9 /* TouchBarController.swift in Sources */,
			);
			runOnlyForDeploymentPostprocessing = 0;
		};
/* End PBXSourcesBuildPhase section */

/* Begin PBXVariantGroup section */
		351DEBFA28710DEA00F312E9 /* Main.storyboard */ = {
			isa = PBXVariantGroup;
			children = (
				351DEBFB28710DEA00F312E9 /* Base */,
			);
			name = Main.storyboard;
			sourceTree = "<group>";
		};
/* End PBXVariantGroup section */

/* Begin XCBuildConfiguration section */
		351DEBFF28710DEA00F312E9 /* Debug */ = {
			isa = XCBuildConfiguration;
			buildSettings = {
				ALWAYS_SEARCH_USER_PATHS = NO;
				CLANG_ANALYZER_NONNULL = YES;
				CLANG_ANALYZER_NUMBER_OBJECT_CONVERSION = YES_AGGRESSIVE;
				CLANG_CXX_LANGUAGE_STANDARD = "gnu++14";
				CLANG_CXX_LIBRARY = "libc++";
				CLANG_ENABLE_MODULES = YES;
				CLANG_ENABLE_OBJC_ARC = YES;
				CLANG_ENABLE_OBJC_WEAK = YES;
				CLANG_WARN_BLOCK_CAPTURE_AUTORELEASING = YES;
				CLANG_WARN_BOOL_CONVERSION = YES;
				CLANG_WARN_COMMA = YES;
				CLANG_WARN_CONSTANT_CONVERSION = YES;
				CLANG_WARN_DEPRECATED_OBJC_IMPLEMENTATIONS = YES;
				CLANG_WARN_DIRECT_OBJC_ISA_USAGE = YES_ERROR;
				CLANG_WARN_DOCUMENTATION_COMMENTS = YES;
				CLANG_WARN_EMPTY_BODY = YES;
				CLANG_WARN_ENUM_CONVERSION = YES;
				CLANG_WARN_INFINITE_RECURSION = YES;
				CLANG_WARN_INT_CONVERSION = YES;
				CLANG_WARN_NON_LITERAL_NULL_CONVERSION = YES;
				CLANG_WARN_OBJC_IMPLICIT_RETAIN_SELF = YES;
				CLANG_WARN_OBJC_LITERAL_CONVERSION = YES;
				CLANG_WARN_OBJC_ROOT_CLASS = YES_ERROR;
				CLANG_WARN_RANGE_LOOP_ANALYSIS = YES;
				CLANG_WARN_STRICT_PROTOTYPES = YES;
				CLANG_WARN_SUSPICIOUS_MOVE = YES;
				CLANG_WARN_UNGUARDED_AVAILABILITY = YES_AGGRESSIVE;
				CLANG_WARN_UNREACHABLE_CODE = YES;
				CLANG_WARN__DUPLICATE_METHOD_MATCH = YES;
				CODE_SIGN_IDENTITY = "-";
				COPY_PHASE_STRIP = NO;
				DEBUG_INFORMATION_FORMAT = dwarf;
				ENABLE_STRICT_OBJC_MSGSEND = YES;
				ENABLE_TESTABILITY = YES;
				GCC_C_LANGUAGE_STANDARD = gnu11;
				GCC_DYNAMIC_NO_PIC = NO;
				GCC_NO_COMMON_BLOCKS = YES;
				GCC_OPTIMIZATION_LEVEL = 0;
				GCC_PREPROCESSOR_DEFINITIONS = (
					"DEBUG=1",
					"$(inherited)",
				);
				GCC_WARN_64_TO_32_BIT_CONVERSION = YES;
				GCC_WARN_ABOUT_RETURN_TYPE = YES_ERROR;
				GCC_WARN_UNDECLARED_SELECTOR = YES;
				GCC_WARN_UNINITIALIZED_AUTOS = YES_AGGRESSIVE;
				GCC_WARN_UNUSED_FUNCTION = YES;
				GCC_WARN_UNUSED_VARIABLE = YES;
				MACOSX_DEPLOYMENT_TARGET = 10.14;
				MTL_ENABLE_DEBUG_INFO = INCLUDE_SOURCE;
				MTL_FAST_MATH = YES;
				ONLY_ACTIVE_ARCH = YES;
				SDKROOT = macosx;
				SWIFT_ACTIVE_COMPILATION_CONDITIONS = DEBUG;
				SWIFT_OPTIMIZATION_LEVEL = "-Onone";
			};
			name = Debug;
		};
		351DEC0028710DEA00F312E9 /* Release */ = {
			isa = XCBuildConfiguration;
			buildSettings = {
				ALWAYS_SEARCH_USER_PATHS = NO;
				CLANG_ANALYZER_NONNULL = YES;
				CLANG_ANALYZER_NUMBER_OBJECT_CONVERSION = YES_AGGRESSIVE;
				CLANG_CXX_LANGUAGE_STANDARD = "gnu++14";
				CLANG_CXX_LIBRARY = "libc++";
				CLANG_ENABLE_MODULES = YES;
				CLANG_ENABLE_OBJC_ARC = YES;
				CLANG_ENABLE_OBJC_WEAK = YES;
				CLANG_WARN_BLOCK_CAPTURE_AUTORELEASING = YES;
				CLANG_WARN_BOOL_CONVERSION = YES;
				CLANG_WARN_COMMA = YES;
				CLANG_WARN_CONSTANT_CONVERSION = YES;
				CLANG_WARN_DEPRECATED_OBJC_IMPLEMENTATIONS = YES;
				CLANG_WARN_DIRECT_OBJC_ISA_USAGE = YES_ERROR;
				CLANG_WARN_DOCUMENTATION_COMMENTS = YES;
				CLANG_WARN_EMPTY_BODY = YES;
				CLANG_WARN_ENUM_CONVERSION = YES;
				CLANG_WARN_INFINITE_RECURSION = YES;
				CLANG_WARN_INT_CONVERSION = YES;
				CLANG_WARN_NON_LITERAL_NULL_CONVERSION = YES;
				CLANG_WARN_OBJC_IMPLICIT_RETAIN_SELF = YES;
				CLANG_WARN_OBJC_LITERAL_CONVERSION = YES;
				CLANG_WARN_OBJC_ROOT_CLASS = YES_ERROR;
				CLANG_WARN_RANGE_LOOP_ANALYSIS = YES;
				CLANG_WARN_STRICT_PROTOTYPES = YES;
				CLANG_WARN_SUSPICIOUS_MOVE = YES;
				CLANG_WARN_UNGUARDED_AVAILABILITY = YES_AGGRESSIVE;
				CLANG_WARN_UNREACHABLE_CODE = YES;
				CLANG_WARN__DUPLICATE_METHOD_MATCH = YES;
				CODE_SIGN_IDENTITY = "-";
				COPY_PHASE_STRIP = NO;
				DEBUG_INFORMATION_FORMAT = "dwarf-with-dsym";
				ENABLE_NS_ASSERTIONS = NO;
				ENABLE_STRICT_OBJC_MSGSEND = YES;
				GCC_C_LANGUAGE_STANDARD = gnu11;
				GCC_NO_COMMON_BLOCKS = YES;
				GCC_WARN_64_TO_32_BIT_CONVERSION = YES;
				GCC_WARN_ABOUT_RETURN_TYPE = YES_ERROR;
				GCC_WARN_UNDECLARED_SELECTOR = YES;
				GCC_WARN_UNINITIALIZED_AUTOS = YES_AGGRESSIVE;
				GCC_WARN_UNUSED_FUNCTION = YES;
				GCC_WARN_UNUSED_VARIABLE = YES;
				MACOSX_DEPLOYMENT_TARGET = 10.14;
				MTL_ENABLE_DEBUG_INFO = NO;
				MTL_FAST_MATH = YES;
				SDKROOT = macosx;
				SWIFT_COMPILATION_MODE = wholemodule;
				SWIFT_OPTIMIZATION_LEVEL = "-O";
			};
			name = Release;
		};
		351DEC0228710DEA00F312E9 /* Debug */ = {
			isa = XCBuildConfiguration;
			buildSettings = {
				ASSETCATALOG_COMPILER_APPICON_NAME = AppIcon;
				CODE_SIGN_ENTITLEMENTS = CookieBar/CookieBar.entitlements;
				CODE_SIGN_STYLE = Automatic;
				COMBINE_HIDPI_IMAGES = YES;
				INFOPLIST_FILE = CookieBar/Info.plist;
				LD_RUNPATH_SEARCH_PATHS = (
					"$(inherited)",
					"@executable_path/../Frameworks",
				);
				PRODUCT_BUNDLE_IDENTIFIER = cookiedoth.CookieBar;
				PRODUCT_NAME = "$(TARGET_NAME)";
				SWIFT_OBJC_BRIDGING_HEADER = "CookieBar/CBridge/TouchBarPrivateApi-Bridging.h";
				SWIFT_VERSION = 5.0;
				SYSTEM_FRAMEWORK_SEARCH_PATHS = (
					"$(inherited)",
					"$(SYSTEM_LIBRARY_DIR)/PrivateFrameworks",
				);
			};
			name = Debug;
		};
		351DEC0328710DEA00F312E9 /* Release */ = {
			isa = XCBuildConfiguration;
			buildSettings = {
				ASSETCATALOG_COMPILER_APPICON_NAME = AppIcon;
				CODE_SIGN_ENTITLEMENTS = CookieBar/CookieBar.entitlements;
				CODE_SIGN_STYLE = Automatic;
				COMBINE_HIDPI_IMAGES = YES;
				INFOPLIST_FILE = CookieBar/Info.plist;
				LD_RUNPATH_SEARCH_PATHS = (
					"$(inherited)",
					"@executable_path/../Frameworks",
				);
				PRODUCT_BUNDLE_IDENTIFIER = cookiedoth.CookieBar;
				PRODUCT_NAME = "$(TARGET_NAME)";
				SWIFT_OBJC_BRIDGING_HEADER = "CookieBar/CBridge/TouchBarPrivateApi-Bridging.h";
				SWIFT_VERSION = 5.0;
				SYSTEM_FRAMEWORK_SEARCH_PATHS = (
					"$(inherited)",
					"$(SYSTEM_LIBRARY_DIR)/PrivateFrameworks",
				);
			};
			name = Release;
		};
/* End XCBuildConfiguration section */

/* Begin XCConfigurationList section */
		351DEBEC28710DE900F312E9 /* Build configuration list for PBXProject "CookieBar" */ = {
			isa = XCConfigurationList;
			buildConfigurations = (
				351DEBFF28710DEA00F312E9 /* Debug */,
				351DEC0028710DEA00F312E9 /* Release */,
			);
			defaultConfigurationIsVisible = 0;
			defaultConfigurationName = Release;
		};
		351DEC0128710DEA00F312E9 /* Build configuration list for PBXNativeTarget "CookieBar" */ = {
			isa = XCConfigurationList;
			buildConfigurations = (
				351DEC0228710DEA00F312E9 /* Debug */,
				351DEC0328710DEA00F312E9 /* Release */,
			);
			defaultConfigurationIsVisible = 0;
			defaultConfigurationName = Release;
		};
/* End XCConfigurationList section */
	};
	rootObject = 351DEBE928710DE900F312E9 /* Project object */;
}
